
Microsoft Visual Studio Solution File, Format Version 12.00
# Visual Studio 2015
Project("{FAE04EC0-301F-11D3-BF4B-00C04F79EFBC}") = "BridgeSDKSampleProject", "BridgeSDKSampleProject.csproj", "{F7696014-0CEA-B5BB-A0C0-9A2D027E089E}"
EndProject
Global
	GlobalSection(SolutionConfigurationPlatforms) = preSolution
		Debug|Any CPU = Debug|Any CPU
		Release|Any CPU = Release|Any CPU
	EndGlobalSection
	GlobalSection(ProjectConfigurationPlatforms) = postSolution
		{F7696014-0CEA-B5BB-A0C0-9A2D027E089E}.Debug|Any CPU.ActiveCfg = Debug|Any CPU
		{F7696014-0CEA-B5BB-A0C0-9A2D027E089E}.Debug|Any CPU.Build.0 = Debug|Any CPU
		{F7696014-0CEA-B5BB-A0C0-9A2D027E089E}.Release|Any CPU.ActiveCfg = Release|Any CPU
		{F7696014-0CEA-B5BB-A0C0-9A2D027E089E}.Release|Any CPU.Build.0 = Release|Any CPU
	EndGlobalSection
	GlobalSection(SolutionProperties) = preSolution
		HideSolutionNode = FALSE
	EndGlobalSection
EndGlobal
