
Microsoft Visual Studio Solution File, Format Version 11.00
# Visual Studio 2010
Project("{FAE04EC0-301F-11D3-BF4B-00C04F79EFBC}") = "BridgeSDK_UnitySampleApp", "Assembly-CSharp.csproj", "{717260E1-AA9B-17B4-1B45-6D92AA7FF503}"
EndProject
Global
	GlobalSection(SolutionConfigurationPlatforms) = preSolution
		Debug|Any CPU = Debug|Any CPU
		Release|Any CPU = Release|Any CPU
	EndGlobalSection
	GlobalSection(ProjectConfigurationPlatforms) = postSolution
		{717260E1-AA9B-17B4-1B45-6D92AA7FF503}.Debug|Any CPU.ActiveCfg = Debug|Any CPU
		{717260E1-AA9B-17B4-1B45-6D92AA7FF503}.Debug|Any CPU.Build.0 = Debug|Any CPU
		{717260E1-AA9B-17B4-1B45-6D92AA7FF503}.Release|Any CPU.ActiveCfg = Release|Any CPU
		{717260E1-AA9B-17B4-1B45-6D92AA7FF503}.Release|Any CPU.Build.0 = Release|Any CPU
	EndGlobalSection
	GlobalSection(SolutionProperties) = preSolution
		HideSolutionNode = FALSE
	EndGlobalSection
	GlobalSection(MonoDevelopProperties) = preSolution
		StartupItem = Assembly-CSharp.csproj
	EndGlobalSection
EndGlobal
